// !$*UTF8*$!
{
	archiveVersion = 1;
	classes = {
	};
	objectVersion = 46;
	objects = {

/* Begin PBXBuildFile section */
		977045291B87821800B2E835 /* main.m in Sources */ = {isa = PBXBuildFile; fileRef = 977045281B87821800B2E835 /* main.m */; };
		9770452C1B87821800B2E835 /* AppDelegate.m in Sources */ = {isa = PBXBuildFile; fileRef = 9770452B1B87821800B2E835 /* AppDelegate.m */; };
		9770452F1B87821800B2E835 /* ViewController.m in Sources */ = {isa = PBXBuildFile; fileRef = 9770452E1B87821800B2E835 /* ViewController.m */; };
		977045321B87821800B2E835 /* Main.storyboard in Resources */ = {isa = PBXBuildFile; fileRef = 977045301B87821800B2E835 /* Main.storyboard */; };
		977045341B87821800B2E835 /* Images.xcassets in Resources */ = {isa = PBXBuildFile; fileRef = 977045331B87821800B2E835 /* Images.xcassets */; };
		977045371B87821800B2E835 /* LaunchScreen.xib in Resources */ = {isa = PBXBuildFile; fileRef = 977045351B87821800B2E835 /* LaunchScreen.xib */; };
		977045431B87821800B2E835 /* SampleAuthTests.m in Sources */ = {isa = PBXBuildFile; fileRef = 977045421B87821800B2E835 /* SampleAuthTests.m */; };
/* End PBXBuildFile section */

/* Begin PBXContainerItemProxy section */
		9770453D1B87821800B2E835 /* PBXContainerItemProxy */ = {
			isa = PBXContainerItemProxy;
			containerPortal = 9770451B1B87821800B2E835 /* Project object */;
			proxyType = 1;
			remoteGlobalIDString = 977045221B87821800B2E835;
			remoteInfo = SampleAuth;
		};
/* End PBXContainerItemProxy section */

/* Begin PBXFileReference section */
		977045231B87821800B2E835 /* SampleAuth.app */ = {isa = PBXFileReference; explicitFileType = wrapper.application; includeInIndex = 0; path = SampleAuth.app; sourceTree = BUILT_PRODUCTS_DIR; };
		977045271B87821800B2E835 /* Info.plist */ = {isa = PBXFileReference; lastKnownFileType = text.plist.xml; path = Info.plist; sourceTree = "<group>"; };
		977045281B87821800B2E835 /* main.m */ = {isa = PBXFileReference; lastKnownFileType = sourcecode.c.objc; path = main.m; sourceTree = "<group>"; };
		9770452A1B87821800B2E835 /* AppDelegate.h */ = {isa = PBXFileReference; lastKnownFileType = sourcecode.c.h; path = AppDelegate.h; sourceTree = "<group>"; };
		9770452B1B87821800B2E835 /* AppDelegate.m */ = {isa = PBXFileReference; lastKnownFileType = sourcecode.c.objc; path = AppDelegate.m; sourceTree = "<group>"; };
		9770452D1B87821800B2E835 /* ViewController.h */ = {isa = PBXFileReference; lastKnownFileType = sourcecode.c.h; path = ViewController.h; sourceTree = "<group>"; };
		9770452E1B87821800B2E835 /* ViewController.m */ = {isa = PBXFileReference; lastKnownFileType = sourcecode.c.objc; path = ViewController.m; sourceTree = "<group>"; };
		977045311B87821800B2E835 /* Base */ = {isa = PBXFileReference; lastKnownFileType = file.storyboard; name = Base; path = Base.lproj/Main.storyboard; sourceTree = "<group>"; };
		977045331B87821800B2E835 /* Images.xcassets */ = {isa = PBXFileReference; lastKnownFileType = folder.assetcatalog; path = Images.xcassets; sourceTree = "<group>"; };
		977045361B87821800B2E835 /* Base */ = {isa = PBXFileReference; lastKnownFileType = file.xib; name = Base; path = Base.lproj/LaunchScreen.xib; sourceTree = "<group>"; };
		9770453C1B87821800B2E835 /* SampleAuthTests.xctest */ = {isa = PBXFileReference; explicitFileType = wrapper.cfbundle; includeInIndex = 0; path = SampleAuthTests.xctest; sourceTree = BUILT_PRODUCTS_DIR; };
		977045411B87821800B2E835 /* Info.plist */ = {isa = PBXFileReference; lastKnownFileType = text.plist.xml; path = Info.plist; sourceTree = "<group>"; };
		977045421B87821800B2E835 /* SampleAuthTests.m */ = {isa = PBXFileReference; lastKnownFileType = sourcecode.c.objc; path = SampleAuthTests.m; sourceTree = "<group>"; };
/* End PBXFileReference section */

/* Begin PBXFrameworksBuildPhase section */
		977045201B87821800B2E835 /* Frameworks */ = {
			isa = PBXFrameworksBuildPhase;
			buildActionMask = 2147483647;
			files = (
			);
			runOnlyForDeploymentPostprocessing = 0;
		};
		977045391B87821800B2E835 /* Frameworks */ = {
			isa = PBXFrameworksBuildPhase;
			buildActionMask = 2147483647;
			files = (
			);
			runOnlyForDeploymentPostprocessing = 0;
		};
/* End PBXFrameworksBuildPhase section */

/* Begin PBXGroup section */
		9770451A1B87821800B2E835 = {
			isa = PBXGroup;
			children = (
				977045251B87821800B2E835 /* SampleAuth */,
				9770453F1B87821800B2E835 /* SampleAuthTests */,
				977045241B87821800B2E835 /* Products */,
			);
			sourceTree = "<group>";
		};
		977045241B87821800B2E835 /* Products */ = {
			isa = PBXGroup;
			children = (
				977045231B87821800B2E835 /* SampleAuth.app */,
				9770453C1B87821800B2E835 /* SampleAuthTests.xctest */,
			);
			name = Products;
			sourceTree = "<group>";
		};
		977045251B87821800B2E835 /* SampleAuth */ = {
			isa = PBXGroup;
			children = (
				9770452A1B87821800B2E835 /* AppDelegate.h */,
				9770452B1B87821800B2E835 /* AppDelegate.m */,
				9770452D1B87821800B2E835 /* ViewController.h */,
				9770452E1B87821800B2E835 /* ViewController.m */,
				977045301B87821800B2E835 /* Main.storyboard */,
				977045331B87821800B2E835 /* Images.xcassets */,
				977045351B87821800B2E835 /* LaunchScreen.xib */,
				977045261B87821800B2E835 /* Supporting Files */,
			);
			path = SampleAuth;
			sourceTree = "<group>";
		};
		977045261B87821800B2E835 /* Supporting Files */ = {
			isa = PBXGroup;
			children = (
				977045271B87821800B2E835 /* Info.plist */,
				977045281B87821800B2E835 /* main.m */,
			);
			name = "Supporting Files";
			sourceTree = "<group>";
		};
		9770453F1B87821800B2E835 /* SampleAuthTests */ = {
			isa = PBXGroup;
			children = (
				977045421B87821800B2E835 /* SampleAuthTests.m */,
				977045401B87821800B2E835 /* Supporting Files */,
			);
			path = SampleAuthTests;
			sourceTree = "<group>";
		};
		977045401B87821800B2E835 /* Supporting Files */ = {
			isa = PBXGroup;
			children = (
				977045411B87821800B2E835 /* Info.plist */,
			);
			name = "Supporting Files";
			sourceTree = "<group>";
		};
/* End PBXGroup section */

/* Begin PBXNativeTarget section */
		977045221B87821800B2E835 /* SampleAuth */ = {
			isa = PBXNativeTarget;
			buildConfigurationList = 977045461B87821800B2E835 /* Build configuration list for PBXNativeTarget "SampleAuth" */;
			buildPhases = (
				9770451F1B87821800B2E835 /* Sources */,
				977045201B87821800B2E835 /* Frameworks */,
				977045211B87821800B2E835 /* Resources */,
			);
			buildRules = (
			);
			dependencies = (
			);
			name = SampleAuth;
			productName = SampleAuth;
			productReference = 977045231B87821800B2E835 /* SampleAuth.app */;
			productType = "com.apple.product-type.application";
		};
		9770453B1B87821800B2E835 /* SampleAuthTests */ = {
			isa = PBXNativeTarget;
			buildConfigurationList = 977045491B87821800B2E835 /* Build configuration list for PBXNativeTarget "SampleAuthTests" */;
			buildPhases = (
				977045381B87821800B2E835 /* Sources */,
				977045391B87821800B2E835 /* Frameworks */,
				9770453A1B87821800B2E835 /* Resources */,
			);
			buildRules = (
			);
			dependencies = (
				9770453E1B87821800B2E835 /* PBXTargetDependency */,
			);
			name = SampleAuthTests;
			productName = SampleAuthTests;
			productReference = 9770453C1B87821800B2E835 /* SampleAuthTests.xctest */;
			productType = "com.apple.product-type.bundle.unit-test";
		};
/* End PBXNativeTarget section */

/* Begin PBXProject section */
		9770451B1B87821800B2E835 /* Project object */ = {
			isa = PBXProject;
			attributes = {
				LastUpgradeCheck = 0640;
				ORGANIZATIONNAME = ms;
				TargetAttributes = {
					977045221B87821800B2E835 = {
						CreatedOnToolsVersion = 6.4;
					};
					9770453B1B87821800B2E835 = {
						CreatedOnToolsVersion = 6.4;
						TestTargetID = 977045221B87821800B2E835;
					};
				};
			};
			buildConfigurationList = 9770451E1B87821800B2E835 /* Build configuration list for PBXProject "SampleAuth" */;
			compatibilityVersion = "Xcode 3.2";
			developmentRegion = English;
			hasScannedForEncodings = 0;
			knownRegions = (
				en,
				Base,
			);
			mainGroup = 9770451A1B87821800B2E835;
			productRefGroup = 977045241B87821800B2E835 /* Products */;
			projectDirPath = "";
			projectRoot = "";
			targets = (
				977045221B87821800B2E835 /* SampleAuth */,
				9770453B1B87821800B2E835 /* SampleAuthTests */,
			);
		};
/* End PBXProject section */

/* Begin PBXResourcesBuildPhase section */
		977045211B87821800B2E835 /* Resources */ = {
			isa = PBXResourcesBuildPhase;
			buildActionMask = 2147483647;
			files = (
				977045321B87821800B2E835 /* Main.storyboard in Resources */,
				977045371B87821800B2E835 /* LaunchScreen.xib in Resources */,
				977045341B87821800B2E835 /* Images.xcassets in Resources */,
			);
			runOnlyForDeploymentPostprocessing = 0;
		};
		9770453A1B87821800B2E835 /* Resources */ = {
			isa = PBXResourcesBuildPhase;
			buildActionMask = 2147483647;
			files = (
			);
			runOnlyForDeploymentPostprocessing = 0;
		};
/* End PBXResourcesBuildPhase section */

/* Begin PBXSourcesBuildPhase section */
		9770451F1B87821800B2E835 /* Sources */ = {
			isa = PBXSourcesBuildPhase;
			buildActionMask = 2147483647;
			files = (
				9770452F1B87821800B2E835 /* ViewController.m in Sources */,
				9770452C1B87821800B2E835 /* AppDelegate.m in Sources */,
				977045291B87821800B2E835 /* main.m in Sources */,
			);
			runOnlyForDeploymentPostprocessing = 0;
		};
		977045381B87821800B2E835 /* Sources */ = {
			isa = PBXSourcesBuildPhase;
			buildActionMask = 2147483647;
			files = (
				977045431B87821800B2E835 /* SampleAuthTests.m in Sources */,
			);
			runOnlyForDeploymentPostprocessing = 0;
		};
/* End PBXSourcesBuildPhase section */

/* Begin PBXTargetDependency section */
		9770453E1B87821800B2E835 /* PBXTargetDependency */ = {
			isa = PBXTargetDependency;
			target = 977045221B87821800B2E835 /* SampleAuth */;
			targetProxy = 9770453D1B87821800B2E835 /* PBXContainerItemProxy */;
		};
/* End PBXTargetDependency section */

/* Begin PBXVariantGroup section */
		977045301B87821800B2E835 /* Main.storyboard */ = {
			isa = PBXVariantGroup;
			children = (
				977045311B87821800B2E835 /* Base */,
			);
			name = Main.storyboard;
			sourceTree = "<group>";
		};
		977045351B87821800B2E835 /* LaunchScreen.xib */ = {
			isa = PBXVariantGroup;
			children = (
				977045361B87821800B2E835 /* Base */,
			);
			name = LaunchScreen.xib;
			sourceTree = "<group>";
		};
/* End PBXVariantGroup section */

/* Begin XCBuildConfiguration section */
		977045441B87821800B2E835 /* Debug */ = {
			isa = XCBuildConfiguration;
			buildSettings = {
				ALWAYS_SEARCH_USER_PATHS = NO;
				CLANG_CXX_LANGUAGE_STANDARD = "gnu++0x";
				CLANG_CXX_LIBRARY = "libc++";
				CLANG_ENABLE_MODULES = YES;
				CLANG_ENABLE_OBJC_ARC = YES;
				CLANG_WARN_BOOL_CONVERSION = YES;
				CLANG_WARN_CONSTANT_CONVERSION = YES;
				CLANG_WARN_DIRECT_OBJC_ISA_USAGE = YES_ERROR;
				CLANG_WARN_EMPTY_BODY = YES;
				CLANG_WARN_ENUM_CONVERSION = YES;
				CLANG_WARN_INT_CONVERSION = YES;
				CLANG_WARN_OBJC_ROOT_CLASS = YES_ERROR;
				CLANG_WARN_UNREACHABLE_CODE = YES;
				CLANG_WARN__DUPLICATE_METHOD_MATCH = YES;
				"CODE_SIGN_IDENTITY[sdk=iphoneos*]" = "iPhone Developer";
				COPY_PHASE_STRIP = NO;
				DEBUG_INFORMATION_FORMAT = "dwarf-with-dsym";
				ENABLE_STRICT_OBJC_MSGSEND = YES;
				GCC_C_LANGUAGE_STANDARD = gnu99;
				GCC_DYNAMIC_NO_PIC = NO;
				GCC_NO_COMMON_BLOCKS = YES;
				GCC_OPTIMIZATION_LEVEL = 0;
				GCC_PREPROCESSOR_DEFINITIONS = (
					"DEBUG=1",
					"$(inherited)",
				);
				GCC_SYMBOLS_PRIVATE_EXTERN = NO;
				GCC_WARN_64_TO_32_BIT_CONVERSION = YES;
				GCC_WARN_ABOUT_RETURN_TYPE = YES_ERROR;
				GCC_WARN_UNDECLARED_SELECTOR = YES;
				GCC_WARN_UNINITIALIZED_AUTOS = YES_AGGRESSIVE;
				GCC_WARN_UNUSED_FUNCTION = YES;
				GCC_WARN_UNUSED_VARIABLE = YES;
				IPHONEOS_DEPLOYMENT_TARGET = 8.4;
				MTL_ENABLE_DEBUG_INFO = YES;
				ONLY_ACTIVE_ARCH = YES;
				SDKROOT = iphoneos;
			};
			name = Debug;
		};
		977045451B87821800B2E835 /* Release */ = {
			isa = XCBuildConfiguration;
			buildSettings = {
				ALWAYS_SEARCH_USER_PATHS = NO;
				CLANG_CXX_LANGUAGE_STANDARD = "gnu++0x";
				CLANG_CXX_LIBRARY = "libc++";
				CLANG_ENABLE_MODULES = YES;
				CLANG_ENABLE_OBJC_ARC = YES;
				CLANG_WARN_BOOL_CONVERSION = YES;
				CLANG_WARN_CONSTANT_CONVERSION = YES;
				CLANG_WARN_DIRECT_OBJC_ISA_USAGE = YES_ERROR;
				CLANG_WARN_EMPTY_BODY = YES;
				CLANG_WARN_ENUM_CONVERSION = YES;
				CLANG_WARN_INT_CONVERSION = YES;
				CLANG_WARN_OBJC_ROOT_CLASS = YES_ERROR;
				CLANG_WARN_UNREACHABLE_CODE = YES;
				CLANG_WARN__DUPLICATE_METHOD_MATCH = YES;
				"CODE_SIGN_IDENTITY[sdk=iphoneos*]" = "iPhone Developer";
				COPY_PHASE_STRIP = NO;
				DEBUG_INFORMATION_FORMAT = "dwarf-with-dsym";
				ENABLE_NS_ASSERTIONS = NO;
				ENABLE_STRICT_OBJC_MSGSEND = YES;
				GCC_C_LANGUAGE_STANDARD = gnu99;
				GCC_NO_COMMON_BLOCKS = YES;
				GCC_WARN_64_TO_32_BIT_CONVERSION = YES;
				GCC_WARN_ABOUT_RETURN_TYPE = YES_ERROR;
				GCC_WARN_UNDECLARED_SELECTOR = YES;
				GCC_WARN_UNINITIALIZED_AUTOS = YES_AGGRESSIVE;
				GCC_WARN_UNUSED_FUNCTION = YES;
				GCC_WARN_UNUSED_VARIABLE = YES;
				IPHONEOS_DEPLOYMENT_TARGET = 8.4;
				MTL_ENABLE_DEBUG_INFO = NO;
				SDKROOT = iphoneos;
				VALIDATE_PRODUCT = YES;
			};
			name = Release;
		};
		977045471B87821800B2E835 /* Debug */ = {
			isa = XCBuildConfiguration;
			buildSettings = {
				ASSETCATALOG_COMPILER_APPICON_NAME = AppIcon;
				CODE_SIGN_IDENTITY = "iPhone Developer: Mohit Sadhu (XMHE446847)";
				INFOPLIST_FILE = SampleAuth/Info.plist;
				LD_RUNPATH_SEARCH_PATHS = "$(inherited) @executable_path/Frameworks";
				PRODUCT_NAME = "$(TARGET_NAME)";
				PROVISIONING_PROFILE = "b6179b7c-8ec0-4b1c-80a4-d48c8d500b60";
			};
			name = Debug;
		};
		977045481B87821800B2E835 /* Release */ = {
			isa = XCBuildConfiguration;
			buildSettings = {
				ASSETCATALOG_COMPILER_APPICON_NAME = AppIcon;
				CODE_SIGN_IDENTITY = "iPhone Developer: Mohit Sadhu (XMHE446847)";
				INFOPLIST_FILE = SampleAuth/Info.plist;
				LD_RUNPATH_SEARCH_PATHS = "$(inherited) @executable_path/Frameworks";
				PRODUCT_NAME = "$(TARGET_NAME)";
				PROVISIONING_PROFILE = "b6179b7c-8ec0-4b1c-80a4-d48c8d500b60";
			};
			name = Release;
		};
		9770454A1B87821800B2E835 /* Debug */ = {
			isa = XCBuildConfiguration;
			buildSettings = {
				BUNDLE_LOADER = "$(TEST_HOST)";
				FRAMEWORK_SEARCH_PATHS = (
					"$(SDKROOT)/Developer/Library/Frameworks",
					"$(inherited)",
				);
				GCC_PREPROCESSOR_DEFINITIONS = (
					"DEBUG=1",
					"$(inherited)",
				);
				INFOPLIST_FILE = SampleAuthTests/Info.plist;
				LD_RUNPATH_SEARCH_PATHS = "$(inherited) @executable_path/Frameworks @loader_path/Frameworks";
				PRODUCT_NAME = "$(TARGET_NAME)";
				TEST_HOST = "$(BUILT_PRODUCTS_DIR)/SampleAuth.app/SampleAuth";
			};
			name = Debug;
		};
		9770454B1B87821800B2E835 /* Release */ = {
			isa = XCBuildConfiguration;
			buildSettings = {
				BUNDLE_LOADER = "$(TEST_HOST)";
				FRAMEWORK_SEARCH_PATHS = (
					"$(SDKROOT)/Developer/Library/Frameworks",
					"$(inherited)",
				);
				INFOPLIST_FILE = SampleAuthTests/Info.plist;
				LD_RUNPATH_SEARCH_PATHS = "$(inherited) @executable_path/Frameworks @loader_path/Frameworks";
				PRODUCT_NAME = "$(TARGET_NAME)";
				TEST_HOST = "$(BUILT_PRODUCTS_DIR)/SampleAuth.app/SampleAuth";
			};
			name = Release;
		};
/* End XCBuildConfiguration section */

/* Begin XCConfigurationList section */
		9770451E1B87821800B2E835 /* Build configuration list for PBXProject "SampleAuth" */ = {
			isa = XCConfigurationList;
			buildConfigurations = (
				977045441B87821800B2E835 /* Debug */,
				977045451B87821800B2E835 /* Release */,
			);
			defaultConfigurationIsVisible = 0;
			defaultConfigurationName = Release;
		};
		977045461B87821800B2E835 /* Build configuration list for PBXNativeTarget "SampleAuth" */ = {
			isa = XCConfigurationList;
			buildConfigurations = (
				977045471B87821800B2E835 /* Debug */,
				977045481B87821800B2E835 /* Release */,
			);
			defaultConfigurationIsVisible = 0;
			defaultConfigurationName = Release;
		};
		977045491B87821800B2E835 /* Build configuration list for PBXNativeTarget "SampleAuthTests" */ = {
			isa = XCConfigurationList;
			buildConfigurations = (
				9770454A1B87821800B2E835 /* Debug */,
				9770454B1B87821800B2E835 /* Release */,
			);
			defaultConfigurationIsVisible = 0;
			defaultConfigurationName = Release;
		};
/* End XCConfigurationList section */
	};
	rootObject = 9770451B1B87821800B2E835 /* Project object */;
}
